// !$*UTF8*$!
{
	archiveVersion = 1;
	classes = {
	};
	objectVersion = 55;
	objects = {

/* Begin PBXBuildFile section */
		19190D16288325C40041E67D /* Components.swift in Sources */ = {isa = PBXBuildFile; fileRef = 19190D15288325C40041E67D /* Components.swift */; };
		19190D1828832ACB0041E67D /* UIView+Extensions.swift in Sources */ = {isa = PBXBuildFile; fileRef = 19190D1728832ACA0041E67D /* UIView+Extensions.swift */; };
		19483474287FF50600DFF40C /* OverlapViewController.swift in Sources */ = {isa = PBXBuildFile; fileRef = 19483473287FF50600DFF40C /* OverlapViewController.swift */; };
		19483476287FF51800DFF40C /* MoreOptionsViewController.swift in Sources */ = {isa = PBXBuildFile; fileRef = 19483475287FF51800DFF40C /* MoreOptionsViewController.swift */; };
		19483478287FF6F100DFF40C /* HomeFlowCoordinator.swift in Sources */ = {isa = PBXBuildFile; fileRef = 19483477287FF6F100DFF40C /* HomeFlowCoordinator.swift */; };
		1948347A287FF70700DFF40C /* GroupOneFlowCoordinator.swift in Sources */ = {isa = PBXBuildFile; fileRef = 19483479287FF70700DFF40C /* GroupOneFlowCoordinator.swift */; };
		1948347C287FF71400DFF40C /* GroupTwoFlowCoordinator.swift in Sources */ = {isa = PBXBuildFile; fileRef = 1948347B287FF71400DFF40C /* GroupTwoFlowCoordinator.swift */; };
		1948347E287FF72200DFF40C /* OverlapFlowCoordinator.swift in Sources */ = {isa = PBXBuildFile; fileRef = 1948347D287FF72200DFF40C /* OverlapFlowCoordinator.swift */; };
		19AE078F2883377B007BC9B4 /* ChicoTableViewCell.swift in Sources */ = {isa = PBXBuildFile; fileRef = 19AE078E2883377B007BC9B4 /* ChicoTableViewCell.swift */; };
		19AE079128833789007BC9B4 /* Chico.swift in Sources */ = {isa = PBXBuildFile; fileRef = 19AE079028833789007BC9B4 /* Chico.swift */; };
		19AE07932883381A007BC9B4 /* UIColor+Extension.swift in Sources */ = {isa = PBXBuildFile; fileRef = 19AE07922883381A007BC9B4 /* UIColor+Extension.swift */; };
		19AE079528833A7B007BC9B4 /* UITableViewCell+Extensions.swift in Sources */ = {isa = PBXBuildFile; fileRef = 19AE079428833A7B007BC9B4 /* UITableViewCell+Extensions.swift */; };
		19AE07972883413D007BC9B4 /* UITableView+Extensions.swift in Sources */ = {isa = PBXBuildFile; fileRef = 19AE07962883413D007BC9B4 /* UITableView+Extensions.swift */; };
		19AE079928839BB8007BC9B4 /* HomeViewModel.swift in Sources */ = {isa = PBXBuildFile; fileRef = 19AE079828839BB7007BC9B4 /* HomeViewModel.swift */; };
		19AE07A128839D55007BC9B4 /* ServiceAPI.swift in Sources */ = {isa = PBXBuildFile; fileRef = 19AE07A028839D55007BC9B4 /* ServiceAPI.swift */; };
		19AE07A52883B5ED007BC9B4 /* ChicoDetailViewController.swift in Sources */ = {isa = PBXBuildFile; fileRef = 19AE07A42883B5ED007BC9B4 /* ChicoDetailViewController.swift */; };
		19AE07A72883B638007BC9B4 /* ChicoDetailViewModel.swift in Sources */ = {isa = PBXBuildFile; fileRef = 19AE07A62883B638007BC9B4 /* ChicoDetailViewModel.swift */; };
		19FB64C3287E5D61002370A2 /* AppDelegate.swift in Sources */ = {isa = PBXBuildFile; fileRef = 19FB64C2287E5D61002370A2 /* AppDelegate.swift */; };
		19FB64C5287E5D61002370A2 /* SceneDelegate.swift in Sources */ = {isa = PBXBuildFile; fileRef = 19FB64C4287E5D61002370A2 /* SceneDelegate.swift */; };
		19FB64CC287E5D65002370A2 /* Assets.xcassets in Resources */ = {isa = PBXBuildFile; fileRef = 19FB64CB287E5D65002370A2 /* Assets.xcassets */; };
		19FB64CF287E5D65002370A2 /* LaunchScreen.storyboard in Resources */ = {isa = PBXBuildFile; fileRef = 19FB64CD287E5D65002370A2 /* LaunchScreen.storyboard */; };
		19FB64DA287E5D66002370A2 /* HolaChicosTests.swift in Sources */ = {isa = PBXBuildFile; fileRef = 19FB64D9287E5D66002370A2 /* HolaChicosTests.swift */; };
		19FB64E4287E5D66002370A2 /* HolaChicosUITests.swift in Sources */ = {isa = PBXBuildFile; fileRef = 19FB64E3287E5D66002370A2 /* HolaChicosUITests.swift */; };
		19FB64E6287E5D66002370A2 /* HolaChicosUITestsLaunchTests.swift in Sources */ = {isa = PBXBuildFile; fileRef = 19FB64E5287E5D66002370A2 /* HolaChicosUITestsLaunchTests.swift */; };
		19FB64F4287E5DD4002370A2 /* Coordinator.swift in Sources */ = {isa = PBXBuildFile; fileRef = 19FB64F3287E5DD4002370A2 /* Coordinator.swift */; };
		19FB64F7287E5E37002370A2 /* MainCoordinator.swift in Sources */ = {isa = PBXBuildFile; fileRef = 19FB64F6287E5E37002370A2 /* MainCoordinator.swift */; };
		19FB64F9287E5E91002370A2 /* MainTabBarController.swift in Sources */ = {isa = PBXBuildFile; fileRef = 19FB64F8287E5E91002370A2 /* MainTabBarController.swift */; };
		19FB64FF287E65AB002370A2 /* BaseViewController.swift in Sources */ = {isa = PBXBuildFile; fileRef = 19FB64FE287E65AB002370A2 /* BaseViewController.swift */; };
		19FB6504287E6CB4002370A2 /* HomeViewController.swift in Sources */ = {isa = PBXBuildFile; fileRef = 19FB6503287E6CB4002370A2 /* HomeViewController.swift */; };
		19FB6508287E6E3B002370A2 /* GroupOneViewController.swift in Sources */ = {isa = PBXBuildFile; fileRef = 19FB6507287E6E3B002370A2 /* GroupOneViewController.swift */; };
		19FB650A287E6E4A002370A2 /* GroupTwoViewController.swift in Sources */ = {isa = PBXBuildFile; fileRef = 19FB6509287E6E4A002370A2 /* GroupTwoViewController.swift */; };
/* End PBXBuildFile section */

/* Begin PBXContainerItemProxy section */
		19FB64D6287E5D66002370A2 /* PBXContainerItemProxy */ = {
			isa = PBXContainerItemProxy;
			containerPortal = 19FB64B7287E5D61002370A2 /* Project object */;
			proxyType = 1;
			remoteGlobalIDString = 19FB64BE287E5D61002370A2;
			remoteInfo = HolaChicos;
		};
		19FB64E0287E5D66002370A2 /* PBXContainerItemProxy */ = {
			isa = PBXContainerItemProxy;
			containerPortal = 19FB64B7287E5D61002370A2 /* Project object */;
			proxyType = 1;
			remoteGlobalIDString = 19FB64BE287E5D61002370A2;
			remoteInfo = HolaChicos;
		};
/* End PBXContainerItemProxy section */

/* Begin PBXFileReference section */
		19190D15288325C40041E67D /* Components.swift */ = {isa = PBXFileReference; lastKnownFileType = sourcecode.swift; path = Components.swift; sourceTree = "<group>"; };
		19190D1728832ACA0041E67D /* UIView+Extensions.swift */ = {isa = PBXFileReference; lastKnownFileType = sourcecode.swift; path = "UIView+Extensions.swift"; sourceTree = "<group>"; };
		19483473287FF50600DFF40C /* OverlapViewController.swift */ = {isa = PBXFileReference; lastKnownFileType = sourcecode.swift; path = OverlapViewController.swift; sourceTree = "<group>"; };
		19483475287FF51800DFF40C /* MoreOptionsViewController.swift */ = {isa = PBXFileReference; lastKnownFileType = sourcecode.swift; path = MoreOptionsViewController.swift; sourceTree = "<group>"; };
		19483477287FF6F100DFF40C /* HomeFlowCoordinator.swift */ = {isa = PBXFileReference; lastKnownFileType = sourcecode.swift; path = HomeFlowCoordinator.swift; sourceTree = "<group>"; };
		19483479287FF70700DFF40C /* GroupOneFlowCoordinator.swift */ = {isa = PBXFileReference; lastKnownFileType = sourcecode.swift; path = GroupOneFlowCoordinator.swift; sourceTree = "<group>"; };
		1948347B287FF71400DFF40C /* GroupTwoFlowCoordinator.swift */ = {isa = PBXFileReference; lastKnownFileType = sourcecode.swift; path = GroupTwoFlowCoordinator.swift; sourceTree = "<group>"; };
		1948347D287FF72200DFF40C /* OverlapFlowCoordinator.swift */ = {isa = PBXFileReference; lastKnownFileType = sourcecode.swift; path = OverlapFlowCoordinator.swift; sourceTree = "<group>"; };
		19AE078E2883377B007BC9B4 /* ChicoTableViewCell.swift */ = {isa = PBXFileReference; lastKnownFileType = sourcecode.swift; path = ChicoTableViewCell.swift; sourceTree = "<group>"; };
		19AE079028833789007BC9B4 /* Chico.swift */ = {isa = PBXFileReference; lastKnownFileType = sourcecode.swift; path = Chico.swift; sourceTree = "<group>"; };
		19AE07922883381A007BC9B4 /* UIColor+Extension.swift */ = {isa = PBXFileReference; lastKnownFileType = sourcecode.swift; path = "UIColor+Extension.swift"; sourceTree = "<group>"; };
		19AE079428833A7B007BC9B4 /* UITableViewCell+Extensions.swift */ = {isa = PBXFileReference; lastKnownFileType = sourcecode.swift; path = "UITableViewCell+Extensions.swift"; sourceTree = "<group>"; };
		19AE07962883413D007BC9B4 /* UITableView+Extensions.swift */ = {isa = PBXFileReference; lastKnownFileType = sourcecode.swift; path = "UITableView+Extensions.swift"; sourceTree = "<group>"; };
		19AE079828839BB7007BC9B4 /* HomeViewModel.swift */ = {isa = PBXFileReference; lastKnownFileType = sourcecode.swift; path = HomeViewModel.swift; sourceTree = "<group>"; };
		19AE07A028839D55007BC9B4 /* ServiceAPI.swift */ = {isa = PBXFileReference; lastKnownFileType = sourcecode.swift; path = ServiceAPI.swift; sourceTree = "<group>"; };
		19AE07A42883B5ED007BC9B4 /* ChicoDetailViewController.swift */ = {isa = PBXFileReference; lastKnownFileType = sourcecode.swift; path = ChicoDetailViewController.swift; sourceTree = "<group>"; };
		19AE07A62883B638007BC9B4 /* ChicoDetailViewModel.swift */ = {isa = PBXFileReference; lastKnownFileType = sourcecode.swift; path = ChicoDetailViewModel.swift; sourceTree = "<group>"; };
		19FB64BF287E5D61002370A2 /* HolaChicos.app */ = {isa = PBXFileReference; explicitFileType = wrapper.application; includeInIndex = 0; path = HolaChicos.app; sourceTree = BUILT_PRODUCTS_DIR; };
		19FB64C2287E5D61002370A2 /* AppDelegate.swift */ = {isa = PBXFileReference; lastKnownFileType = sourcecode.swift; path = AppDelegate.swift; sourceTree = "<group>"; };
		19FB64C4287E5D61002370A2 /* SceneDelegate.swift */ = {isa = PBXFileReference; lastKnownFileType = sourcecode.swift; path = SceneDelegate.swift; sourceTree = "<group>"; };
		19FB64CB287E5D65002370A2 /* Assets.xcassets */ = {isa = PBXFileReference; lastKnownFileType = folder.assetcatalog; path = Assets.xcassets; sourceTree = "<group>"; };
		19FB64CE287E5D65002370A2 /* Base */ = {isa = PBXFileReference; lastKnownFileType = file.storyboard; name = Base; path = Base.lproj/LaunchScreen.storyboard; sourceTree = "<group>"; };
		19FB64D0287E5D65002370A2 /* Info.plist */ = {isa = PBXFileReference; lastKnownFileType = text.plist.xml; path = Info.plist; sourceTree = "<group>"; };
		19FB64D5287E5D66002370A2 /* HolaChicosTests.xctest */ = {isa = PBXFileReference; explicitFileType = wrapper.cfbundle; includeInIndex = 0; path = HolaChicosTests.xctest; sourceTree = BUILT_PRODUCTS_DIR; };
		19FB64D9287E5D66002370A2 /* HolaChicosTests.swift */ = {isa = PBXFileReference; lastKnownFileType = sourcecode.swift; path = HolaChicosTests.swift; sourceTree = "<group>"; };
		19FB64DF287E5D66002370A2 /* HolaChicosUITests.xctest */ = {isa = PBXFileReference; explicitFileType = wrapper.cfbundle; includeInIndex = 0; path = HolaChicosUITests.xctest; sourceTree = BUILT_PRODUCTS_DIR; };
		19FB64E3287E5D66002370A2 /* HolaChicosUITests.swift */ = {isa = PBXFileReference; lastKnownFileType = sourcecode.swift; path = HolaChicosUITests.swift; sourceTree = "<group>"; };
		19FB64E5287E5D66002370A2 /* HolaChicosUITestsLaunchTests.swift */ = {isa = PBXFileReference; lastKnownFileType = sourcecode.swift; path = HolaChicosUITestsLaunchTests.swift; sourceTree = "<group>"; };
		19FB64F3287E5DD4002370A2 /* Coordinator.swift */ = {isa = PBXFileReference; lastKnownFileType = sourcecode.swift; path = Coordinator.swift; sourceTree = "<group>"; };
		19FB64F6287E5E37002370A2 /* MainCoordinator.swift */ = {isa = PBXFileReference; lastKnownFileType = sourcecode.swift; path = MainCoordinator.swift; sourceTree = "<group>"; };
		19FB64F8287E5E91002370A2 /* MainTabBarController.swift */ = {isa = PBXFileReference; lastKnownFileType = sourcecode.swift; path = MainTabBarController.swift; sourceTree = "<group>"; };
		19FB64FE287E65AB002370A2 /* BaseViewController.swift */ = {isa = PBXFileReference; lastKnownFileType = sourcecode.swift; path = BaseViewController.swift; sourceTree = "<group>"; };
		19FB6503287E6CB4002370A2 /* HomeViewController.swift */ = {isa = PBXFileReference; lastKnownFileType = sourcecode.swift; path = HomeViewController.swift; sourceTree = "<group>"; };
		19FB6507287E6E3B002370A2 /* GroupOneViewController.swift */ = {isa = PBXFileReference; lastKnownFileType = sourcecode.swift; path = GroupOneViewController.swift; sourceTree = "<group>"; };
		19FB6509287E6E4A002370A2 /* GroupTwoViewController.swift */ = {isa = PBXFileReference; lastKnownFileType = sourcecode.swift; path = GroupTwoViewController.swift; sourceTree = "<group>"; };
/* End PBXFileReference section */

/* Begin PBXFrameworksBuildPhase section */
		19FB64BC287E5D61002370A2 /* Frameworks */ = {
			isa = PBXFrameworksBuildPhase;
			buildActionMask = 2147483647;
			files = (
			);
			runOnlyForDeploymentPostprocessing = 0;
		};
		19FB64D2287E5D66002370A2 /* Frameworks */ = {
			isa = PBXFrameworksBuildPhase;
			buildActionMask = 2147483647;
			files = (
			);
			runOnlyForDeploymentPostprocessing = 0;
		};
		19FB64DC287E5D66002370A2 /* Frameworks */ = {
			isa = PBXFrameworksBuildPhase;
			buildActionMask = 2147483647;
			files = (
			);
			runOnlyForDeploymentPostprocessing = 0;
		};
/* End PBXFrameworksBuildPhase section */

/* Begin PBXGroup section */
		19190D1928832AD70041E67D /* Extensions */ = {
			isa = PBXGroup;
			children = (
				19AE07922883381A007BC9B4 /* UIColor+Extension.swift */,
				19190D1728832ACA0041E67D /* UIView+Extensions.swift */,
				19AE07962883413D007BC9B4 /* UITableView+Extensions.swift */,
				19AE079428833A7B007BC9B4 /* UITableViewCell+Extensions.swift */,
			);
			path = Extensions;
			sourceTree = "<group>";
		};
		19AE079A28839BDB007BC9B4 /* Home */ = {
			isa = PBXGroup;
			children = (
				19AE079828839BB7007BC9B4 /* HomeViewModel.swift */,
				19FB6503287E6CB4002370A2 /* HomeViewController.swift */,
				19483477287FF6F100DFF40C /* HomeFlowCoordinator.swift */,
			);
			path = Home;
			sourceTree = "<group>";
		};
		19AE079B28839C1C007BC9B4 /* Flows */ = {
			isa = PBXGroup;
			children = (
				19AE079A28839BDB007BC9B4 /* Home */,
				19AE079C28839C31007BC9B4 /* GroupOne */,
				19AE079D28839C38007BC9B4 /* GroupTwo */,
				19AE079E28839C44007BC9B4 /* Overlap */,
				19AE079F28839C53007BC9B4 /* MoreOptions */,
			);
			path = Flows;
			sourceTree = "<group>";
		};
		19AE079C28839C31007BC9B4 /* GroupOne */ = {
			isa = PBXGroup;
			children = (
				19FB6507287E6E3B002370A2 /* GroupOneViewController.swift */,
				19483479287FF70700DFF40C /* GroupOneFlowCoordinator.swift */,
			);
			path = GroupOne;
			sourceTree = "<group>";
		};
		19AE079D28839C38007BC9B4 /* GroupTwo */ = {
			isa = PBXGroup;
			children = (
				19FB6509287E6E4A002370A2 /* GroupTwoViewController.swift */,
				1948347B287FF71400DFF40C /* GroupTwoFlowCoordinator.swift */,
			);
			path = GroupTwo;
			sourceTree = "<group>";
		};
		19AE079E28839C44007BC9B4 /* Overlap */ = {
			isa = PBXGroup;
			children = (
				19483473287FF50600DFF40C /* OverlapViewController.swift */,
				1948347D287FF72200DFF40C /* OverlapFlowCoordinator.swift */,
			);
			path = Overlap;
			sourceTree = "<group>";
		};
		19AE079F28839C53007BC9B4 /* MoreOptions */ = {
			isa = PBXGroup;
			children = (
				19483475287FF51800DFF40C /* MoreOptionsViewController.swift */,
			);
			path = MoreOptions;
			sourceTree = "<group>";
		};
		19AE07A82883BCB1007BC9B4 /* ChicoComponents */ = {
			isa = PBXGroup;
			children = (
				19AE079028833789007BC9B4 /* Chico.swift */,
				19AE078E2883377B007BC9B4 /* ChicoTableViewCell.swift */,
				19AE07A62883B638007BC9B4 /* ChicoDetailViewModel.swift */,
				19AE07A42883B5ED007BC9B4 /* ChicoDetailViewController.swift */,
			);
			path = ChicoComponents;
			sourceTree = "<group>";
		};
		19FB64B6287E5D61002370A2 = {
			isa = PBXGroup;
			children = (
				19FB64C1287E5D61002370A2 /* HolaChicos */,
				19FB64D8287E5D66002370A2 /* HolaChicosTests */,
				19FB64E2287E5D66002370A2 /* HolaChicosUITests */,
				19FB64C0287E5D61002370A2 /* Products */,
			);
			sourceTree = "<group>";
		};
		19FB64C0287E5D61002370A2 /* Products */ = {
			isa = PBXGroup;
			children = (
				19FB64BF287E5D61002370A2 /* HolaChicos.app */,
				19FB64D5287E5D66002370A2 /* HolaChicosTests.xctest */,
				19FB64DF287E5D66002370A2 /* HolaChicosUITests.xctest */,
			);
			name = Products;
			sourceTree = "<group>";
		};
		19FB64C1287E5D61002370A2 /* HolaChicos */ = {
			isa = PBXGroup;
			children = (
				19AE079B28839C1C007BC9B4 /* Flows */,
				19FB64F2287E5DC1002370A2 /* Helpers */,
				19FB64F5287E5E28002370A2 /* MainFiles */,
				19190D1928832AD70041E67D /* Extensions */,
				19FB64D0287E5D65002370A2 /* Info.plist */,
				19FB64CB287E5D65002370A2 /* Assets.xcassets */,
				19FB64C2287E5D61002370A2 /* AppDelegate.swift */,
				19FB64C4287E5D61002370A2 /* SceneDelegate.swift */,
				19FB64CD287E5D65002370A2 /* LaunchScreen.storyboard */,
				19190D15288325C40041E67D /* Components.swift */,
				19AE07A82883BCB1007BC9B4 /* ChicoComponents */,
				19AE07A028839D55007BC9B4 /* ServiceAPI.swift */,
			);
			path = HolaChicos;
			sourceTree = "<group>";
		};
		19FB64D8287E5D66002370A2 /* HolaChicosTests */ = {
			isa = PBXGroup;
			children = (
				19FB64D9287E5D66002370A2 /* HolaChicosTests.swift */,
			);
			path = HolaChicosTests;
			sourceTree = "<group>";
		};
		19FB64E2287E5D66002370A2 /* HolaChicosUITests */ = {
			isa = PBXGroup;
			children = (
				19FB64E3287E5D66002370A2 /* HolaChicosUITests.swift */,
				19FB64E5287E5D66002370A2 /* HolaChicosUITestsLaunchTests.swift */,
			);
			path = HolaChicosUITests;
			sourceTree = "<group>";
		};
		19FB64F2287E5DC1002370A2 /* Helpers */ = {
			isa = PBXGroup;
			children = (
				19FB64F3287E5DD4002370A2 /* Coordinator.swift */,
				19FB64FE287E65AB002370A2 /* BaseViewController.swift */,
			);
			path = Helpers;
			sourceTree = "<group>";
		};
		19FB64F5287E5E28002370A2 /* MainFiles */ = {
			isa = PBXGroup;
			children = (
				19FB64F6287E5E37002370A2 /* MainCoordinator.swift */,
				19FB64F8287E5E91002370A2 /* MainTabBarController.swift */,
			);
			path = MainFiles;
			sourceTree = "<group>";
		};
/* End PBXGroup section */

/* Begin PBXNativeTarget section */
		19FB64BE287E5D61002370A2 /* HolaChicos */ = {
			isa = PBXNativeTarget;
			buildConfigurationList = 19FB64E9287E5D66002370A2 /* Build configuration list for PBXNativeTarget "HolaChicos" */;
			buildPhases = (
				19FB64BB287E5D61002370A2 /* Sources */,
				19FB64BC287E5D61002370A2 /* Frameworks */,
				19FB64BD287E5D61002370A2 /* Resources */,
			);
			buildRules = (
			);
			dependencies = (
			);
			name = HolaChicos;
			productName = HolaChicos;
			productReference = 19FB64BF287E5D61002370A2 /* HolaChicos.app */;
			productType = "com.apple.product-type.application";
		};
		19FB64D4287E5D66002370A2 /* HolaChicosTests */ = {
			isa = PBXNativeTarget;
			buildConfigurationList = 19FB64EC287E5D66002370A2 /* Build configuration list for PBXNativeTarget "HolaChicosTests" */;
			buildPhases = (
				19FB64D1287E5D66002370A2 /* Sources */,
				19FB64D2287E5D66002370A2 /* Frameworks */,
				19FB64D3287E5D66002370A2 /* Resources */,
			);
			buildRules = (
			);
			dependencies = (
				19FB64D7287E5D66002370A2 /* PBXTargetDependency */,
			);
			name = HolaChicosTests;
			productName = HolaChicosTests;
			productReference = 19FB64D5287E5D66002370A2 /* HolaChicosTests.xctest */;
			productType = "com.apple.product-type.bundle.unit-test";
		};
		19FB64DE287E5D66002370A2 /* HolaChicosUITests */ = {
			isa = PBXNativeTarget;
			buildConfigurationList = 19FB64EF287E5D66002370A2 /* Build configuration list for PBXNativeTarget "HolaChicosUITests" */;
			buildPhases = (
				19FB64DB287E5D66002370A2 /* Sources */,
				19FB64DC287E5D66002370A2 /* Frameworks */,
				19FB64DD287E5D66002370A2 /* Resources */,
			);
			buildRules = (
			);
			dependencies = (
				19FB64E1287E5D66002370A2 /* PBXTargetDependency */,
			);
			name = HolaChicosUITests;
			productName = HolaChicosUITests;
			productReference = 19FB64DF287E5D66002370A2 /* HolaChicosUITests.xctest */;
			productType = "com.apple.product-type.bundle.ui-testing";
		};
/* End PBXNativeTarget section */

/* Begin PBXProject section */
		19FB64B7287E5D61002370A2 /* Project object */ = {
			isa = PBXProject;
			attributes = {
				BuildIndependentTargetsInParallel = 1;
				LastSwiftUpdateCheck = 1320;
				LastUpgradeCheck = 1320;
				ORGANIZATIONNAME = "My Organization";
				TargetAttributes = {
					19FB64BE287E5D61002370A2 = {
						CreatedOnToolsVersion = 13.2.1;
					};
					19FB64D4287E5D66002370A2 = {
						CreatedOnToolsVersion = 13.2.1;
						TestTargetID = 19FB64BE287E5D61002370A2;
					};
					19FB64DE287E5D66002370A2 = {
						CreatedOnToolsVersion = 13.2.1;
						TestTargetID = 19FB64BE287E5D61002370A2;
					};
				};
			};
			buildConfigurationList = 19FB64BA287E5D61002370A2 /* Build configuration list for PBXProject "HolaChicos" */;
			compatibilityVersion = "Xcode 13.0";
			developmentRegion = en;
			hasScannedForEncodings = 0;
			knownRegions = (
				en,
				Base,
			);
			mainGroup = 19FB64B6287E5D61002370A2;
			productRefGroup = 19FB64C0287E5D61002370A2 /* Products */;
			projectDirPath = "";
			projectRoot = "";
			targets = (
				19FB64BE287E5D61002370A2 /* HolaChicos */,
				19FB64D4287E5D66002370A2 /* HolaChicosTests */,
				19FB64DE287E5D66002370A2 /* HolaChicosUITests */,
			);
		};
/* End PBXProject section */

/* Begin PBXResourcesBuildPhase section */
		19FB64BD287E5D61002370A2 /* Resources */ = {
			isa = PBXResourcesBuildPhase;
			buildActionMask = 2147483647;
			files = (
				19FB64CF287E5D65002370A2 /* LaunchScreen.storyboard in Resources */,
				19FB64CC287E5D65002370A2 /* Assets.xcassets in Resources */,
			);
			runOnlyForDeploymentPostprocessing = 0;
		};
		19FB64D3287E5D66002370A2 /* Resources */ = {
			isa = PBXResourcesBuildPhase;
			buildActionMask = 2147483647;
			files = (
			);
			runOnlyForDeploymentPostprocessing = 0;
		};
		19FB64DD287E5D66002370A2 /* Resources */ = {
			isa = PBXResourcesBuildPhase;
			buildActionMask = 2147483647;
			files = (
			);
			runOnlyForDeploymentPostprocessing = 0;
		};
/* End PBXResourcesBuildPhase section */

/* Begin PBXSourcesBuildPhase section */
		19FB64BB287E5D61002370A2 /* Sources */ = {
			isa = PBXSourcesBuildPhase;
			buildActionMask = 2147483647;
			files = (
				19AE07932883381A007BC9B4 /* UIColor+Extension.swift in Sources */,
				19AE079128833789007BC9B4 /* Chico.swift in Sources */,
				19AE078F2883377B007BC9B4 /* ChicoTableViewCell.swift in Sources */,
				19FB64C3287E5D61002370A2 /* AppDelegate.swift in Sources */,
				19FB64F7287E5E37002370A2 /* MainCoordinator.swift in Sources */,
				19FB64F9287E5E91002370A2 /* MainTabBarController.swift in Sources */,
				19FB64C5287E5D61002370A2 /* SceneDelegate.swift in Sources */,
				19AE07A72883B638007BC9B4 /* ChicoDetailViewModel.swift in Sources */,
				1948347A287FF70700DFF40C /* GroupOneFlowCoordinator.swift in Sources */,
				19483474287FF50600DFF40C /* OverlapViewController.swift in Sources */,
				19483478287FF6F100DFF40C /* HomeFlowCoordinator.swift in Sources */,
				19FB6508287E6E3B002370A2 /* GroupOneViewController.swift in Sources */,
				19AE07972883413D007BC9B4 /* UITableView+Extensions.swift in Sources */,
				19FB6504287E6CB4002370A2 /* HomeViewController.swift in Sources */,
				19AE07A52883B5ED007BC9B4 /* ChicoDetailViewController.swift in Sources */,
				1948347C287FF71400DFF40C /* GroupTwoFlowCoordinator.swift in Sources */,
				19483476287FF51800DFF40C /* MoreOptionsViewController.swift in Sources */,
				19190D1828832ACB0041E67D /* UIView+Extensions.swift in Sources */,
				19FB64FF287E65AB002370A2 /* BaseViewController.swift in Sources */,
				19FB64F4287E5DD4002370A2 /* Coordinator.swift in Sources */,
				19AE079928839BB8007BC9B4 /* HomeViewModel.swift in Sources */,
				19AE07A128839D55007BC9B4 /* ServiceAPI.swift in Sources */,
				19AE079528833A7B007BC9B4 /* UITableViewCell+Extensions.swift in Sources */,
				19FB650A287E6E4A002370A2 /* GroupTwoViewController.swift in Sources */,
				1948347E287FF72200DFF40C /* OverlapFlowCoordinator.swift in Sources */,
				19190D16288325C40041E67D /* Components.swift in Sources */,
			);
			runOnlyForDeploymentPostprocessing = 0;
		};
		19FB64D1287E5D66002370A2 /* Sources */ = {
			isa = PBXSourcesBuildPhase;
			buildActionMask = 2147483647;
			files = (
				19FB64DA287E5D66002370A2 /* HolaChicosTests.swift in Sources */,
			);
			runOnlyForDeploymentPostprocessing = 0;
		};
		19FB64DB287E5D66002370A2 /* Sources */ = {
			isa = PBXSourcesBuildPhase;
			buildActionMask = 2147483647;
			files = (
				19FB64E4287E5D66002370A2 /* HolaChicosUITests.swift in Sources */,
				19FB64E6287E5D66002370A2 /* HolaChicosUITestsLaunchTests.swift in Sources */,
			);
			runOnlyForDeploymentPostprocessing = 0;
		};
/* End PBXSourcesBuildPhase section */

/* Begin PBXTargetDependency section */
		19FB64D7287E5D66002370A2 /* PBXTargetDependency */ = {
			isa = PBXTargetDependency;
			target = 19FB64BE287E5D61002370A2 /* HolaChicos */;
			targetProxy = 19FB64D6287E5D66002370A2 /* PBXContainerItemProxy */;
		};
		19FB64E1287E5D66002370A2 /* PBXTargetDependency */ = {
			isa = PBXTargetDependency;
			target = 19FB64BE287E5D61002370A2 /* HolaChicos */;
			targetProxy = 19FB64E0287E5D66002370A2 /* PBXContainerItemProxy */;
		};
/* End PBXTargetDependency section */

/* Begin PBXVariantGroup section */
		19FB64CD287E5D65002370A2 /* LaunchScreen.storyboard */ = {
			isa = PBXVariantGroup;
			children = (
				19FB64CE287E5D65002370A2 /* Base */,
			);
			name = LaunchScreen.storyboard;
			sourceTree = "<group>";
		};
/* End PBXVariantGroup section */

/* Begin XCBuildConfiguration section */
		19FB64E7287E5D66002370A2 /* Debug */ = {
			isa = XCBuildConfiguration;
			buildSettings = {
				ALWAYS_SEARCH_USER_PATHS = NO;
				CLANG_ANALYZER_NONNULL = YES;
				CLANG_ANALYZER_NUMBER_OBJECT_CONVERSION = YES_AGGRESSIVE;
				CLANG_CXX_LANGUAGE_STANDARD = "gnu++17";
				CLANG_CXX_LIBRARY = "libc++";
				CLANG_ENABLE_MODULES = YES;
				CLANG_ENABLE_OBJC_ARC = YES;
				CLANG_ENABLE_OBJC_WEAK = YES;
				CLANG_WARN_BLOCK_CAPTURE_AUTORELEASING = YES;
				CLANG_WARN_BOOL_CONVERSION = YES;
				CLANG_WARN_COMMA = YES;
				CLANG_WARN_CONSTANT_CONVERSION = YES;
				CLANG_WARN_DEPRECATED_OBJC_IMPLEMENTATIONS = YES;
				CLANG_WARN_DIRECT_OBJC_ISA_USAGE = YES_ERROR;
				CLANG_WARN_DOCUMENTATION_COMMENTS = YES;
				CLANG_WARN_EMPTY_BODY = YES;
				CLANG_WARN_ENUM_CONVERSION = YES;
				CLANG_WARN_INFINITE_RECURSION = YES;
				CLANG_WARN_INT_CONVERSION = YES;
				CLANG_WARN_NON_LITERAL_NULL_CONVERSION = YES;
				CLANG_WARN_OBJC_IMPLICIT_RETAIN_SELF = YES;
				CLANG_WARN_OBJC_LITERAL_CONVERSION = YES;
				CLANG_WARN_OBJC_ROOT_CLASS = YES_ERROR;
				CLANG_WARN_QUOTED_INCLUDE_IN_FRAMEWORK_HEADER = YES;
				CLANG_WARN_RANGE_LOOP_ANALYSIS = YES;
				CLANG_WARN_STRICT_PROTOTYPES = YES;
				CLANG_WARN_SUSPICIOUS_MOVE = YES;
				CLANG_WARN_UNGUARDED_AVAILABILITY = YES_AGGRESSIVE;
				CLANG_WARN_UNREACHABLE_CODE = YES;
				CLANG_WARN__DUPLICATE_METHOD_MATCH = YES;
				COPY_PHASE_STRIP = NO;
				DEBUG_INFORMATION_FORMAT = dwarf;
				ENABLE_STRICT_OBJC_MSGSEND = YES;
				ENABLE_TESTABILITY = YES;
				GCC_C_LANGUAGE_STANDARD = gnu11;
				GCC_DYNAMIC_NO_PIC = NO;
				GCC_NO_COMMON_BLOCKS = YES;
				GCC_OPTIMIZATION_LEVEL = 0;
				GCC_PREPROCESSOR_DEFINITIONS = (
					"DEBUG=1",
					"$(inherited)",
				);
				GCC_WARN_64_TO_32_BIT_CONVERSION = YES;
				GCC_WARN_ABOUT_RETURN_TYPE = YES_ERROR;
				GCC_WARN_UNDECLARED_SELECTOR = YES;
				GCC_WARN_UNINITIALIZED_AUTOS = YES_AGGRESSIVE;
				GCC_WARN_UNUSED_FUNCTION = YES;
				GCC_WARN_UNUSED_VARIABLE = YES;
				IPHONEOS_DEPLOYMENT_TARGET = 15.2;
				MTL_ENABLE_DEBUG_INFO = INCLUDE_SOURCE;
				MTL_FAST_MATH = YES;
				ONLY_ACTIVE_ARCH = YES;
				SDKROOT = iphoneos;
				SWIFT_ACTIVE_COMPILATION_CONDITIONS = DEBUG;
				SWIFT_OPTIMIZATION_LEVEL = "-Onone";
			};
			name = Debug;
		};
		19FB64E8287E5D66002370A2 /* Release */ = {
			isa = XCBuildConfiguration;
			buildSettings = {
				ALWAYS_SEARCH_USER_PATHS = NO;
				CLANG_ANALYZER_NONNULL = YES;
				CLANG_ANALYZER_NUMBER_OBJECT_CONVERSION = YES_AGGRESSIVE;
				CLANG_CXX_LANGUAGE_STANDARD = "gnu++17";
				CLANG_CXX_LIBRARY = "libc++";
				CLANG_ENABLE_MODULES = YES;
				CLANG_ENABLE_OBJC_ARC = YES;
				CLANG_ENABLE_OBJC_WEAK = YES;
				CLANG_WARN_BLOCK_CAPTURE_AUTORELEASING = YES;
				CLANG_WARN_BOOL_CONVERSION = YES;
				CLANG_WARN_COMMA = YES;
				CLANG_WARN_CONSTANT_CONVERSION = YES;
				CLANG_WARN_DEPRECATED_OBJC_IMPLEMENTATIONS = YES;
				CLANG_WARN_DIRECT_OBJC_ISA_USAGE = YES_ERROR;
				CLANG_WARN_DOCUMENTATION_COMMENTS = YES;
				CLANG_WARN_EMPTY_BODY = YES;
				CLANG_WARN_ENUM_CONVERSION = YES;
				CLANG_WARN_INFINITE_RECURSION = YES;
				CLANG_WARN_INT_CONVERSION = YES;
				CLANG_WARN_NON_LITERAL_NULL_CONVERSION = YES;
				CLANG_WARN_OBJC_IMPLICIT_RETAIN_SELF = YES;
				CLANG_WARN_OBJC_LITERAL_CONVERSION = YES;
				CLANG_WARN_OBJC_ROOT_CLASS = YES_ERROR;
				CLANG_WARN_QUOTED_INCLUDE_IN_FRAMEWORK_HEADER = YES;
				CLANG_WARN_RANGE_LOOP_ANALYSIS = YES;
				CLANG_WARN_STRICT_PROTOTYPES = YES;
				CLANG_WARN_SUSPICIOUS_MOVE = YES;
				CLANG_WARN_UNGUARDED_AVAILABILITY = YES_AGGRESSIVE;
				CLANG_WARN_UNREACHABLE_CODE = YES;
				CLANG_WARN__DUPLICATE_METHOD_MATCH = YES;
				COPY_PHASE_STRIP = NO;
				DEBUG_INFORMATION_FORMAT = "dwarf-with-dsym";
				ENABLE_NS_ASSERTIONS = NO;
				ENABLE_STRICT_OBJC_MSGSEND = YES;
				GCC_C_LANGUAGE_STANDARD = gnu11;
				GCC_NO_COMMON_BLOCKS = YES;
				GCC_WARN_64_TO_32_BIT_CONVERSION = YES;
				GCC_WARN_ABOUT_RETURN_TYPE = YES_ERROR;
				GCC_WARN_UNDECLARED_SELECTOR = YES;
				GCC_WARN_UNINITIALIZED_AUTOS = YES_AGGRESSIVE;
				GCC_WARN_UNUSED_FUNCTION = YES;
				GCC_WARN_UNUSED_VARIABLE = YES;
				IPHONEOS_DEPLOYMENT_TARGET = 15.2;
				MTL_ENABLE_DEBUG_INFO = NO;
				MTL_FAST_MATH = YES;
				SDKROOT = iphoneos;
				SWIFT_COMPILATION_MODE = wholemodule;
				SWIFT_OPTIMIZATION_LEVEL = "-O";
				VALIDATE_PRODUCT = YES;
			};
			name = Release;
		};
		19FB64EA287E5D66002370A2 /* Debug */ = {
			isa = XCBuildConfiguration;
			buildSettings = {
				ASSETCATALOG_COMPILER_APPICON_NAME = AppIcon;
				ASSETCATALOG_COMPILER_GLOBAL_ACCENT_COLOR_NAME = AccentColor;
				CODE_SIGN_STYLE = Automatic;
				CURRENT_PROJECT_VERSION = 1;
				DEVELOPMENT_TEAM = EG955U3U64;
				GENERATE_INFOPLIST_FILE = YES;
				INFOPLIST_FILE = HolaChicos/Info.plist;
				INFOPLIST_KEY_UIApplicationSupportsIndirectInputEvents = YES;
				INFOPLIST_KEY_UILaunchStoryboardName = LaunchScreen;
				INFOPLIST_KEY_UISupportedInterfaceOrientations_iPad = "UIInterfaceOrientationPortrait UIInterfaceOrientationPortraitUpsideDown UIInterfaceOrientationLandscapeLeft UIInterfaceOrientationLandscapeRight";
				INFOPLIST_KEY_UISupportedInterfaceOrientations_iPhone = "UIInterfaceOrientationPortrait UIInterfaceOrientationLandscapeLeft UIInterfaceOrientationLandscapeRight";
				IPHONEOS_DEPLOYMENT_TARGET = 13.0;
				LD_RUNPATH_SEARCH_PATHS = (
					"$(inherited)",
					"@executable_path/Frameworks",
				);
				MARKETING_VERSION = 1.0;
				PRODUCT_BUNDLE_IDENTIFIER = "My-Company.HolaChicos";
				PRODUCT_NAME = "$(TARGET_NAME)";
				SWIFT_EMIT_LOC_STRINGS = YES;
				SWIFT_VERSION = 5.0;
				TARGETED_DEVICE_FAMILY = "1,2";
			};
			name = Debug;
		};
		19FB64EB287E5D66002370A2 /* Release */ = {
			isa = XCBuildConfiguration;
			buildSettings = {
				ASSETCATALOG_COMPILER_APPICON_NAME = AppIcon;
				ASSETCATALOG_COMPILER_GLOBAL_ACCENT_COLOR_NAME = AccentColor;
				CODE_SIGN_STYLE = Automatic;
				CURRENT_PROJECT_VERSION = 1;
				DEVELOPMENT_TEAM = EG955U3U64;
				GENERATE_INFOPLIST_FILE = YES;
				INFOPLIST_FILE = HolaChicos/Info.plist;
				INFOPLIST_KEY_UIApplicationSupportsIndirectInputEvents = YES;
				INFOPLIST_KEY_UILaunchStoryboardName = LaunchScreen;
				INFOPLIST_KEY_UISupportedInterfaceOrientations_iPad = "UIInterfaceOrientationPortrait UIInterfaceOrientationPortraitUpsideDown UIInterfaceOrientationLandscapeLeft UIInterfaceOrientationLandscapeRight";
				INFOPLIST_KEY_UISupportedInterfaceOrientations_iPhone = "UIInterfaceOrientationPortrait UIInterfaceOrientationLandscapeLeft UIInterfaceOrientationLandscapeRight";
				IPHONEOS_DEPLOYMENT_TARGET = 13.0;
				LD_RUNPATH_SEARCH_PATHS = (
					"$(inherited)",
					"@executable_path/Frameworks",
				);
				MARKETING_VERSION = 1.0;
				PRODUCT_BUNDLE_IDENTIFIER = "My-Company.HolaChicos";
				PRODUCT_NAME = "$(TARGET_NAME)";
				SWIFT_EMIT_LOC_STRINGS = YES;
				SWIFT_VERSION = 5.0;
				TARGETED_DEVICE_FAMILY = "1,2";
			};
			name = Release;
		};
		19FB64ED287E5D66002370A2 /* Debug */ = {
			isa = XCBuildConfiguration;
			buildSettings = {
				ALWAYS_EMBED_SWIFT_STANDARD_LIBRARIES = YES;
				BUNDLE_LOADER = "$(TEST_HOST)";
				CODE_SIGN_STYLE = Automatic;
				CURRENT_PROJECT_VERSION = 1;
				DEVELOPMENT_TEAM = EG955U3U64;
				GENERATE_INFOPLIST_FILE = YES;
				IPHONEOS_DEPLOYMENT_TARGET = 15.2;
				MARKETING_VERSION = 1.0;
				PRODUCT_BUNDLE_IDENTIFIER = "My-Company.HolaChicosTests";
				PRODUCT_NAME = "$(TARGET_NAME)";
				SWIFT_EMIT_LOC_STRINGS = NO;
				SWIFT_VERSION = 5.0;
				TARGETED_DEVICE_FAMILY = "1,2";
				TEST_HOST = "$(BUILT_PRODUCTS_DIR)/HolaChicos.app/HolaChicos";
			};
			name = Debug;
		};
		19FB64EE287E5D66002370A2 /* Release */ = {
			isa = XCBuildConfiguration;
			buildSettings = {
				ALWAYS_EMBED_SWIFT_STANDARD_LIBRARIES = YES;
				BUNDLE_LOADER = "$(TEST_HOST)";
				CODE_SIGN_STYLE = Automatic;
				CURRENT_PROJECT_VERSION = 1;
				DEVELOPMENT_TEAM = EG955U3U64;
				GENERATE_INFOPLIST_FILE = YES;
				IPHONEOS_DEPLOYMENT_TARGET = 15.2;
				MARKETING_VERSION = 1.0;
				PRODUCT_BUNDLE_IDENTIFIER = "My-Company.HolaChicosTests";
				PRODUCT_NAME = "$(TARGET_NAME)";
				SWIFT_EMIT_LOC_STRINGS = NO;
				SWIFT_VERSION = 5.0;
				TARGETED_DEVICE_FAMILY = "1,2";
				TEST_HOST = "$(BUILT_PRODUCTS_DIR)/HolaChicos.app/HolaChicos";
			};
			name = Release;
		};
		19FB64F0287E5D66002370A2 /* Debug */ = {
			isa = XCBuildConfiguration;
			buildSettings = {
				ALWAYS_EMBED_SWIFT_STANDARD_LIBRARIES = YES;
				CODE_SIGN_STYLE = Automatic;
				CURRENT_PROJECT_VERSION = 1;
				DEVELOPMENT_TEAM = EG955U3U64;
				GENERATE_INFOPLIST_FILE = YES;
				MARKETING_VERSION = 1.0;
				PRODUCT_BUNDLE_IDENTIFIER = "My-Company.HolaChicosUITests";
				PRODUCT_NAME = "$(TARGET_NAME)";
				SWIFT_EMIT_LOC_STRINGS = NO;
				SWIFT_VERSION = 5.0;
				TARGETED_DEVICE_FAMILY = "1,2";
				TEST_TARGET_NAME = HolaChicos;
			};
			name = Debug;
		};
		19FB64F1287E5D66002370A2 /* Release */ = {
			isa = XCBuildConfiguration;
			buildSettings = {
				ALWAYS_EMBED_SWIFT_STANDARD_LIBRARIES = YES;
				CODE_SIGN_STYLE = Automatic;
				CURRENT_PROJECT_VERSION = 1;
				DEVELOPMENT_TEAM = EG955U3U64;
				GENERATE_INFOPLIST_FILE = YES;
				MARKETING_VERSION = 1.0;
				PRODUCT_BUNDLE_IDENTIFIER = "My-Company.HolaChicosUITests";
				PRODUCT_NAME = "$(TARGET_NAME)";
				SWIFT_EMIT_LOC_STRINGS = NO;
				SWIFT_VERSION = 5.0;
				TARGETED_DEVICE_FAMILY = "1,2";
				TEST_TARGET_NAME = HolaChicos;
			};
			name = Release;
		};
/* End XCBuildConfiguration section */

/* Begin XCConfigurationList section */
		19FB64BA287E5D61002370A2 /* Build configuration list for PBXProject "HolaChicos" */ = {
			isa = XCConfigurationList;
			buildConfigurations = (
				19FB64E7287E5D66002370A2 /* Debug */,
				19FB64E8287E5D66002370A2 /* Release */,
			);
			defaultConfigurationIsVisible = 0;
			defaultConfigurationName = Release;
		};
		19FB64E9287E5D66002370A2 /* Build configuration list for PBXNativeTarget "HolaChicos" */ = {
			isa = XCConfigurationList;
			buildConfigurations = (
				19FB64EA287E5D66002370A2 /* Debug */,
				19FB64EB287E5D66002370A2 /* Release */,
			);
			defaultConfigurationIsVisible = 0;
			defaultConfigurationName = Release;
		};
		19FB64EC287E5D66002370A2 /* Build configuration list for PBXNativeTarget "HolaChicosTests" */ = {
			isa = XCConfigurationList;
			buildConfigurations = (
				19FB64ED287E5D66002370A2 /* Debug */,
				19FB64EE287E5D66002370A2 /* Release */,
			);
			defaultConfigurationIsVisible = 0;
			defaultConfigurationName = Release;
		};
		19FB64EF287E5D66002370A2 /* Build configuration list for PBXNativeTarget "HolaChicosUITests" */ = {
			isa = XCConfigurationList;
			buildConfigurations = (
				19FB64F0287E5D66002370A2 /* Debug */,
				19FB64F1287E5D66002370A2 /* Release */,
			);
			defaultConfigurationIsVisible = 0;
			defaultConfigurationName = Release;
		};
/* End XCConfigurationList section */
	};
	rootObject = 19FB64B7287E5D61002370A2 /* Project object */;
}
